// !$*UTF8*$!
{
	archiveVersion = 1;
	classes = {
	};
	objectVersion = 50;
	objects = {

/* Begin PBXBuildFile section */
		3C07DCE821BD35DB00EB47F6 /* InfoViewController.swift in Sources */ = {isa = PBXBuildFile; fileRef = 3C07DCE721BD35DB00EB47F6 /* InfoViewController.swift */; };
		3C07DCEA21BD432900EB47F6 /* PresentationAnimator.swift in Sources */ = {isa = PBXBuildFile; fileRef = 3C07DCE921BD432900EB47F6 /* PresentationAnimator.swift */; };
		3C07DCEC21BD763500EB47F6 /* SlideInPresentationManager.swift in Sources */ = {isa = PBXBuildFile; fileRef = 3C07DCEB21BD763500EB47F6 /* SlideInPresentationManager.swift */; };
		3C07DCEF21BD79B800EB47F6 /* SlideInPresentationController.swift in Sources */ = {isa = PBXBuildFile; fileRef = 3C07DCEE21BD79B800EB47F6 /* SlideInPresentationController.swift */; };
		3C07DCF321BE945D00EB47F6 /* ZoomTransitioningDelegate.swift in Sources */ = {isa = PBXBuildFile; fileRef = 3C07DCF221BE945D00EB47F6 /* ZoomTransitioningDelegate.swift */; };
		3CC6E49921BBF8FC00E62E97 /* DetailViewController.swift in Sources */ = {isa = PBXBuildFile; fileRef = 3CC6E49821BBF8FC00E62E97 /* DetailViewController.swift */; };
		7E8974A021B7F0940041AD31 /* AppDelegate.swift in Sources */ = {isa = PBXBuildFile; fileRef = 7E89749F21B7F0940041AD31 /* AppDelegate.swift */; };
		7E8974A221B7F0940041AD31 /* ViewController.swift in Sources */ = {isa = PBXBuildFile; fileRef = 7E8974A121B7F0940041AD31 /* ViewController.swift */; };
		7E8974A721B7F0980041AD31 /* Assets.xcassets in Resources */ = {isa = PBXBuildFile; fileRef = 7E8974A621B7F0980041AD31 /* Assets.xcassets */; };
		7E8974B521B7F0980041AD31 /* Hollidays_AnimationsTests.swift in Sources */ = {isa = PBXBuildFile; fileRef = 7E8974B421B7F0980041AD31 /* Hollidays_AnimationsTests.swift */; };
		7E8974C021B7F1440041AD31 /* CollectionCell.swift in Sources */ = {isa = PBXBuildFile; fileRef = 7E8974BF21B7F1440041AD31 /* CollectionCell.swift */; };
		7E8974C221B7F2560041AD31 /* UIView+Extension.swift in Sources */ = {isa = PBXBuildFile; fileRef = 7E8974C121B7F2550041AD31 /* UIView+Extension.swift */; };
		7E8974C421B7F5130041AD31 /* UICollectionView+Extensions.swift in Sources */ = {isa = PBXBuildFile; fileRef = 7E8974C321B7F5130041AD31 /* UICollectionView+Extensions.swift */; };
		7E8974C621B7F5410041AD31 /* UITableView+Extensions.swift in Sources */ = {isa = PBXBuildFile; fileRef = 7E8974C521B7F5410041AD31 /* UITableView+Extensions.swift */; };
		7E8974CA21B7F5D00041AD31 /* Holiday.swift in Sources */ = {isa = PBXBuildFile; fileRef = 7E8974C921B7F5D00041AD31 /* Holiday.swift */; };
		7E8974CF21B96E040041AD31 /* CollectionFlowLayout.swift in Sources */ = {isa = PBXBuildFile; fileRef = 7E8974CE21B96E040041AD31 /* CollectionFlowLayout.swift */; };
/* End PBXBuildFile section */

/* Begin PBXContainerItemProxy section */
		7E8974B121B7F0980041AD31 /* PBXContainerItemProxy */ = {
			isa = PBXContainerItemProxy;
			containerPortal = 7E89749421B7F0930041AD31 /* Project object */;
			proxyType = 1;
			remoteGlobalIDString = 7E89749B21B7F0940041AD31;
			remoteInfo = "Hollidays Animations";
		};
/* End PBXContainerItemProxy section */

/* Begin PBXFileReference section */
		3C07DCE721BD35DB00EB47F6 /* InfoViewController.swift */ = {isa = PBXFileReference; lastKnownFileType = sourcecode.swift; path = InfoViewController.swift; sourceTree = "<group>"; };
		3C07DCE921BD432900EB47F6 /* PresentationAnimator.swift */ = {isa = PBXFileReference; lastKnownFileType = sourcecode.swift; path = PresentationAnimator.swift; sourceTree = "<group>"; };
		3C07DCEB21BD763500EB47F6 /* SlideInPresentationManager.swift */ = {isa = PBXFileReference; lastKnownFileType = sourcecode.swift; path = SlideInPresentationManager.swift; sourceTree = "<group>"; };
		3C07DCEE21BD79B800EB47F6 /* SlideInPresentationController.swift */ = {isa = PBXFileReference; lastKnownFileType = sourcecode.swift; path = SlideInPresentationController.swift; sourceTree = "<group>"; };
		3C07DCF221BE945D00EB47F6 /* ZoomTransitioningDelegate.swift */ = {isa = PBXFileReference; fileEncoding = 4; lastKnownFileType = sourcecode.swift; path = ZoomTransitioningDelegate.swift; sourceTree = "<group>"; };
		3CC6E49821BBF8FC00E62E97 /* DetailViewController.swift */ = {isa = PBXFileReference; lastKnownFileType = sourcecode.swift; path = DetailViewController.swift; sourceTree = "<group>"; };
		7E89749C21B7F0940041AD31 /* Hollidays Animations.app */ = {isa = PBXFileReference; explicitFileType = wrapper.application; includeInIndex = 0; path = "Hollidays Animations.app"; sourceTree = BUILT_PRODUCTS_DIR; };
		7E89749F21B7F0940041AD31 /* AppDelegate.swift */ = {isa = PBXFileReference; lastKnownFileType = sourcecode.swift; path = AppDelegate.swift; sourceTree = "<group>"; };
		7E8974A121B7F0940041AD31 /* ViewController.swift */ = {isa = PBXFileReference; lastKnownFileType = sourcecode.swift; path = ViewController.swift; sourceTree = "<group>"; };
		7E8974A621B7F0980041AD31 /* Assets.xcassets */ = {isa = PBXFileReference; lastKnownFileType = folder.assetcatalog; path = Assets.xcassets; sourceTree = "<group>"; };
		7E8974AB21B7F0980041AD31 /* Info.plist */ = {isa = PBXFileReference; lastKnownFileType = text.plist.xml; path = Info.plist; sourceTree = "<group>"; };
		7E8974B021B7F0980041AD31 /* Hollidays AnimationsTests.xctest */ = {isa = PBXFileReference; explicitFileType = wrapper.cfbundle; includeInIndex = 0; path = "Hollidays AnimationsTests.xctest"; sourceTree = BUILT_PRODUCTS_DIR; };
		7E8974B421B7F0980041AD31 /* Hollidays_AnimationsTests.swift */ = {isa = PBXFileReference; lastKnownFileType = sourcecode.swift; path = Hollidays_AnimationsTests.swift; sourceTree = "<group>"; };
		7E8974B621B7F0980041AD31 /* Info.plist */ = {isa = PBXFileReference; lastKnownFileType = text.plist.xml; path = Info.plist; sourceTree = "<group>"; };
		7E8974BF21B7F1440041AD31 /* CollectionCell.swift */ = {isa = PBXFileReference; lastKnownFileType = sourcecode.swift; path = CollectionCell.swift; sourceTree = "<group>"; };
		7E8974C121B7F2550041AD31 /* UIView+Extension.swift */ = {isa = PBXFileReference; lastKnownFileType = sourcecode.swift; path = "UIView+Extension.swift"; sourceTree = "<group>"; };
		7E8974C321B7F5130041AD31 /* UICollectionView+Extensions.swift */ = {isa = PBXFileReference; fileEncoding = 4; lastKnownFileType = sourcecode.swift; path = "UICollectionView+Extensions.swift"; sourceTree = "<group>"; };
		7E8974C521B7F5410041AD31 /* UITableView+Extensions.swift */ = {isa = PBXFileReference; fileEncoding = 4; lastKnownFileType = sourcecode.swift; path = "UITableView+Extensions.swift"; sourceTree = "<group>"; };
		7E8974C921B7F5D00041AD31 /* Holiday.swift */ = {isa = PBXFileReference; lastKnownFileType = sourcecode.swift; path = Holiday.swift; sourceTree = "<group>"; };
		7E8974CE21B96E040041AD31 /* CollectionFlowLayout.swift */ = {isa = PBXFileReference; lastKnownFileType = sourcecode.swift; path = CollectionFlowLayout.swift; sourceTree = "<group>"; };
/* End PBXFileReference section */

/* Begin PBXFrameworksBuildPhase section */
		7E89749921B7F0940041AD31 /* Frameworks */ = {
			isa = PBXFrameworksBuildPhase;
			buildActionMask = 2147483647;
			files = (
			);
			runOnlyForDeploymentPostprocessing = 0;
		};
		7E8974AD21B7F0980041AD31 /* Frameworks */ = {
			isa = PBXFrameworksBuildPhase;
			buildActionMask = 2147483647;
			files = (
			);
			runOnlyForDeploymentPostprocessing = 0;
		};
/* End PBXFrameworksBuildPhase section */

/* Begin PBXGroup section */
		3C07DCED21BD764000EB47F6 /* Presentation */ = {
			isa = PBXGroup;
			children = (
				3C07DCEB21BD763500EB47F6 /* SlideInPresentationManager.swift */,
				3C07DCEE21BD79B800EB47F6 /* SlideInPresentationController.swift */,
			);
			path = Presentation;
			sourceTree = "<group>";
		};
		7E89749321B7F0930041AD31 = {
			isa = PBXGroup;
			children = (
				7E89749E21B7F0940041AD31 /* Hollidays Animations */,
				7E8974B321B7F0980041AD31 /* Hollidays AnimationsTests */,
				7E89749D21B7F0940041AD31 /* Products */,
			);
			sourceTree = "<group>";
		};
		7E89749D21B7F0940041AD31 /* Products */ = {
			isa = PBXGroup;
			children = (
				7E89749C21B7F0940041AD31 /* Hollidays Animations.app */,
				7E8974B021B7F0980041AD31 /* Hollidays AnimationsTests.xctest */,
			);
			name = Products;
			sourceTree = "<group>";
		};
		7E89749E21B7F0940041AD31 /* Hollidays Animations */ = {
			isa = PBXGroup;
			children = (
				7E89749F21B7F0940041AD31 /* AppDelegate.swift */,
				7E8974CD21B7F73A0041AD31 /* Model */,
				7E8974CC21B7F7340041AD31 /* View */,
				7E8974CB21B7F72D0041AD31 /* Controller */,
				7E8974C721B7F5460041AD31 /* Helpers */,
				7E8974A621B7F0980041AD31 /* Assets.xcassets */,
				7E8974AB21B7F0980041AD31 /* Info.plist */,
			);
			path = "Hollidays Animations";
			sourceTree = "<group>";
		};
		7E8974B321B7F0980041AD31 /* Hollidays AnimationsTests */ = {
			isa = PBXGroup;
			children = (
				7E8974B421B7F0980041AD31 /* Hollidays_AnimationsTests.swift */,
				7E8974B621B7F0980041AD31 /* Info.plist */,
			);
			path = "Hollidays AnimationsTests";
			sourceTree = "<group>";
		};
		7E8974C721B7F5460041AD31 /* Helpers */ = {
			isa = PBXGroup;
			children = (
				3C07DCED21BD764000EB47F6 /* Presentation */,
				7E8974CE21B96E040041AD31 /* CollectionFlowLayout.swift */,
				3C07DCF221BE945D00EB47F6 /* ZoomTransitioningDelegate.swift */,
				7E8974C821B7F5510041AD31 /* Extensions */,
				3C07DCE921BD432900EB47F6 /* PresentationAnimator.swift */,
			);
			path = Helpers;
			sourceTree = "<group>";
		};
		7E8974C821B7F5510041AD31 /* Extensions */ = {
			isa = PBXGroup;
			children = (
				7E8974C121B7F2550041AD31 /* UIView+Extension.swift */,
				7E8974C321B7F5130041AD31 /* UICollectionView+Extensions.swift */,
				7E8974C521B7F5410041AD31 /* UITableView+Extensions.swift */,
			);
			path = Extensions;
			sourceTree = "<group>";
		};
		7E8974CB21B7F72D0041AD31 /* Controller */ = {
			isa = PBXGroup;
			children = (
				7E8974A121B7F0940041AD31 /* ViewController.swift */,
				3CC6E49821BBF8FC00E62E97 /* DetailViewController.swift */,
				3C07DCE721BD35DB00EB47F6 /* InfoViewController.swift */,
			);
			path = Controller;
			sourceTree = "<group>";
		};
		7E8974CC21B7F7340041AD31 /* View */ = {
			isa = PBXGroup;
			children = (
				7E8974BF21B7F1440041AD31 /* CollectionCell.swift */,
			);
			path = View;
			sourceTree = "<group>";
		};
		7E8974CD21B7F73A0041AD31 /* Model */ = {
			isa = PBXGroup;
			children = (
				7E8974C921B7F5D00041AD31 /* Holiday.swift */,
			);
			path = Model;
			sourceTree = "<group>";
		};
/* End PBXGroup section */

/* Begin PBXNativeTarget section */
		7E89749B21B7F0940041AD31 /* Hollidays Animations */ = {
			isa = PBXNativeTarget;
			buildConfigurationList = 7E8974B921B7F0980041AD31 /* Build configuration list for PBXNativeTarget "Hollidays Animations" */;
			buildPhases = (
				7E89749821B7F0940041AD31 /* Sources */,
				7E89749921B7F0940041AD31 /* Frameworks */,
				7E89749A21B7F0940041AD31 /* Resources */,
			);
			buildRules = (
			);
			dependencies = (
			);
			name = "Hollidays Animations";
			productName = "Hollidays Animations";
			productReference = 7E89749C21B7F0940041AD31 /* Hollidays Animations.app */;
			productType = "com.apple.product-type.application";
		};
		7E8974AF21B7F0980041AD31 /* Hollidays AnimationsTests */ = {
			isa = PBXNativeTarget;
			buildConfigurationList = 7E8974BC21B7F0980041AD31 /* Build configuration list for PBXNativeTarget "Hollidays AnimationsTests" */;
			buildPhases = (
				7E8974AC21B7F0980041AD31 /* Sources */,
				7E8974AD21B7F0980041AD31 /* Frameworks */,
				7E8974AE21B7F0980041AD31 /* Resources */,
			);
			buildRules = (
			);
			dependencies = (
				7E8974B221B7F0980041AD31 /* PBXTargetDependency */,
			);
			name = "Hollidays AnimationsTests";
			productName = "Hollidays AnimationsTests";
			productReference = 7E8974B021B7F0980041AD31 /* Hollidays AnimationsTests.xctest */;
			productType = "com.apple.product-type.bundle.unit-test";
		};
/* End PBXNativeTarget section */

/* Begin PBXProject section */
		7E89749421B7F0930041AD31 /* Project object */ = {
			isa = PBXProject;
			attributes = {
				LastSwiftUpdateCheck = 1010;
				LastUpgradeCheck = 1010;
				ORGANIZATIONNAME = "Bruno Silva";
				TargetAttributes = {
					7E89749B21B7F0940041AD31 = {
						CreatedOnToolsVersion = 10.1;
					};
					7E8974AF21B7F0980041AD31 = {
						CreatedOnToolsVersion = 10.1;
						TestTargetID = 7E89749B21B7F0940041AD31;
					};
				};
			};
			buildConfigurationList = 7E89749721B7F0930041AD31 /* Build configuration list for PBXProject "Hollidays Animations" */;
			compatibilityVersion = "Xcode 9.3";
			developmentRegion = en;
			hasScannedForEncodings = 0;
			knownRegions = (
				en,
				Base,
			);
			mainGroup = 7E89749321B7F0930041AD31;
			productRefGroup = 7E89749D21B7F0940041AD31 /* Products */;
			projectDirPath = "";
			projectRoot = "";
			targets = (
				7E89749B21B7F0940041AD31 /* Hollidays Animations */,
				7E8974AF21B7F0980041AD31 /* Hollidays AnimationsTests */,
			);
		};
/* End PBXProject section */

/* Begin PBXResourcesBuildPhase section */
		7E89749A21B7F0940041AD31 /* Resources */ = {
			isa = PBXResourcesBuildPhase;
			buildActionMask = 2147483647;
			files = (
				7E8974A721B7F0980041AD31 /* Assets.xcassets in Resources */,
			);
			runOnlyForDeploymentPostprocessing = 0;
		};
		7E8974AE21B7F0980041AD31 /* Resources */ = {
			isa = PBXResourcesBuildPhase;
			buildActionMask = 2147483647;
			files = (
			);
			runOnlyForDeploymentPostprocessing = 0;
		};
/* End PBXResourcesBuildPhase section */

/* Begin PBXSourcesBuildPhase section */
		7E89749821B7F0940041AD31 /* Sources */ = {
			isa = PBXSourcesBuildPhase;
			buildActionMask = 2147483647;
			files = (
				3CC6E49921BBF8FC00E62E97 /* DetailViewController.swift in Sources */,
				3C07DCE821BD35DB00EB47F6 /* InfoViewController.swift in Sources */,
				7E8974A221B7F0940041AD31 /* ViewController.swift in Sources */,
				7E8974C021B7F1440041AD31 /* CollectionCell.swift in Sources */,
				7E8974CA21B7F5D00041AD31 /* Holiday.swift in Sources */,
				7E8974C421B7F5130041AD31 /* UICollectionView+Extensions.swift in Sources */,
				3C07DCEC21BD763500EB47F6 /* SlideInPresentationManager.swift in Sources */,
				7E8974C621B7F5410041AD31 /* UITableView+Extensions.swift in Sources */,
				3C07DCEA21BD432900EB47F6 /* PresentationAnimator.swift in Sources */,
				3C07DCF321BE945D00EB47F6 /* ZoomTransitioningDelegate.swift in Sources */,
				3C07DCEF21BD79B800EB47F6 /* SlideInPresentationController.swift in Sources */,
				7E8974C221B7F2560041AD31 /* UIView+Extension.swift in Sources */,
				7E8974A021B7F0940041AD31 /* AppDelegate.swift in Sources */,
				7E8974CF21B96E040041AD31 /* CollectionFlowLayout.swift in Sources */,
			);
			runOnlyForDeploymentPostprocessing = 0;
		};
		7E8974AC21B7F0980041AD31 /* Sources */ = {
			isa = PBXSourcesBuildPhase;
			buildActionMask = 2147483647;
			files = (
				7E8974B521B7F0980041AD31 /* Hollidays_AnimationsTests.swift in Sources */,
			);
			runOnlyForDeploymentPostprocessing = 0;
		};
/* End PBXSourcesBuildPhase section */

/* Begin PBXTargetDependency section */
		7E8974B221B7F0980041AD31 /* PBXTargetDependency */ = {
			isa = PBXTargetDependency;
			target = 7E89749B21B7F0940041AD31 /* Hollidays Animations */;
			targetProxy = 7E8974B121B7F0980041AD31 /* PBXContainerItemProxy */;
		};
/* End PBXTargetDependency section */

/* Begin XCBuildConfiguration section */
		7E8974B721B7F0980041AD31 /* Debug */ = {
			isa = XCBuildConfiguration;
			buildSettings = {
				ALWAYS_SEARCH_USER_PATHS = NO;
				CLANG_ANALYZER_NONNULL = YES;
				CLANG_ANALYZER_NUMBER_OBJECT_CONVERSION = YES_AGGRESSIVE;
				CLANG_CXX_LANGUAGE_STANDARD = "gnu++14";
				CLANG_CXX_LIBRARY = "libc++";
				CLANG_ENABLE_MODULES = YES;
				CLANG_ENABLE_OBJC_ARC = YES;
				CLANG_ENABLE_OBJC_WEAK = YES;
				CLANG_WARN_BLOCK_CAPTURE_AUTORELEASING = YES;
				CLANG_WARN_BOOL_CONVERSION = YES;
				CLANG_WARN_COMMA = YES;
				CLANG_WARN_CONSTANT_CONVERSION = YES;
				CLANG_WARN_DEPRECATED_OBJC_IMPLEMENTATIONS = YES;
				CLANG_WARN_DIRECT_OBJC_ISA_USAGE = YES_ERROR;
				CLANG_WARN_DOCUMENTATION_COMMENTS = YES;
				CLANG_WARN_EMPTY_BODY = YES;
				CLANG_WARN_ENUM_CONVERSION = YES;
				CLANG_WARN_INFINITE_RECURSION = YES;
				CLANG_WARN_INT_CONVERSION = YES;
				CLANG_WARN_NON_LITERAL_NULL_CONVERSION = YES;
				CLANG_WARN_OBJC_IMPLICIT_RETAIN_SELF = YES;
				CLANG_WARN_OBJC_LITERAL_CONVERSION = YES;
				CLANG_WARN_OBJC_ROOT_CLASS = YES_ERROR;
				CLANG_WARN_RANGE_LOOP_ANALYSIS = YES;
				CLANG_WARN_STRICT_PROTOTYPES = YES;
				CLANG_WARN_SUSPICIOUS_MOVE = YES;
				CLANG_WARN_UNGUARDED_AVAILABILITY = YES_AGGRESSIVE;
				CLANG_WARN_UNREACHABLE_CODE = YES;
				CLANG_WARN__DUPLICATE_METHOD_MATCH = YES;
				CODE_SIGN_IDENTITY = "iPhone Developer";
				COPY_PHASE_STRIP = NO;
				DEBUG_INFORMATION_FORMAT = dwarf;
				ENABLE_STRICT_OBJC_MSGSEND = YES;
				ENABLE_TESTABILITY = YES;
				GCC_C_LANGUAGE_STANDARD = gnu11;
				GCC_DYNAMIC_NO_PIC = NO;
				GCC_NO_COMMON_BLOCKS = YES;
				GCC_OPTIMIZATION_LEVEL = 0;
				GCC_PREPROCESSOR_DEFINITIONS = (
					"DEBUG=1",
					"$(inherited)",
				);
				GCC_WARN_64_TO_32_BIT_CONVERSION = YES;
				GCC_WARN_ABOUT_RETURN_TYPE = YES_ERROR;
				GCC_WARN_UNDECLARED_SELECTOR = YES;
				GCC_WARN_UNINITIALIZED_AUTOS = YES_AGGRESSIVE;
				GCC_WARN_UNUSED_FUNCTION = YES;
				GCC_WARN_UNUSED_VARIABLE = YES;
				IPHONEOS_DEPLOYMENT_TARGET = 12.1;
				MTL_ENABLE_DEBUG_INFO = INCLUDE_SOURCE;
				MTL_FAST_MATH = YES;
				ONLY_ACTIVE_ARCH = YES;
				SDKROOT = iphoneos;
				SWIFT_ACTIVE_COMPILATION_CONDITIONS = DEBUG;
				SWIFT_OPTIMIZATION_LEVEL = "-Onone";
			};
			name = Debug;
		};
		7E8974B821B7F0980041AD31 /* Release */ = {
			isa = XCBuildConfiguration;
			buildSettings = {
				ALWAYS_SEARCH_USER_PATHS = NO;
				CLANG_ANALYZER_NONNULL = YES;
				CLANG_ANALYZER_NUMBER_OBJECT_CONVERSION = YES_AGGRESSIVE;
				CLANG_CXX_LANGUAGE_STANDARD = "gnu++14";
				CLANG_CXX_LIBRARY = "libc++";
				CLANG_ENABLE_MODULES = YES;
				CLANG_ENABLE_OBJC_ARC = YES;
				CLANG_ENABLE_OBJC_WEAK = YES;
				CLANG_WARN_BLOCK_CAPTURE_AUTORELEASING = YES;
				CLANG_WARN_BOOL_CONVERSION = YES;
				CLANG_WARN_COMMA = YES;
				CLANG_WARN_CONSTANT_CONVERSION = YES;
				CLANG_WARN_DEPRECATED_OBJC_IMPLEMENTATIONS = YES;
				CLANG_WARN_DIRECT_OBJC_ISA_USAGE = YES_ERROR;
				CLANG_WARN_DOCUMENTATION_COMMENTS = YES;
				CLANG_WARN_EMPTY_BODY = YES;
				CLANG_WARN_ENUM_CONVERSION = YES;
				CLANG_WARN_INFINITE_RECURSION = YES;
				CLANG_WARN_INT_CONVERSION = YES;
				CLANG_WARN_NON_LITERAL_NULL_CONVERSION = YES;
				CLANG_WARN_OBJC_IMPLICIT_RETAIN_SELF = YES;
				CLANG_WARN_OBJC_LITERAL_CONVERSION = YES;
				CLANG_WARN_OBJC_ROOT_CLASS = YES_ERROR;
				CLANG_WARN_RANGE_LOOP_ANALYSIS = YES;
				CLANG_WARN_STRICT_PROTOTYPES = YES;
				CLANG_WARN_SUSPICIOUS_MOVE = YES;
				CLANG_WARN_UNGUARDED_AVAILABILITY = YES_AGGRESSIVE;
				CLANG_WARN_UNREACHABLE_CODE = YES;
				CLANG_WARN__DUPLICATE_METHOD_MATCH = YES;
				CODE_SIGN_IDENTITY = "iPhone Developer";
				COPY_PHASE_STRIP = NO;
				DEBUG_INFORMATION_FORMAT = "dwarf-with-dsym";
				ENABLE_NS_ASSERTIONS = NO;
				ENABLE_STRICT_OBJC_MSGSEND = YES;
				GCC_C_LANGUAGE_STANDARD = gnu11;
				GCC_NO_COMMON_BLOCKS = YES;
				GCC_WARN_64_TO_32_BIT_CONVERSION = YES;
				GCC_WARN_ABOUT_RETURN_TYPE = YES_ERROR;
				GCC_WARN_UNDECLARED_SELECTOR = YES;
				GCC_WARN_UNINITIALIZED_AUTOS = YES_AGGRESSIVE;
				GCC_WARN_UNUSED_FUNCTION = YES;
				GCC_WARN_UNUSED_VARIABLE = YES;
				IPHONEOS_DEPLOYMENT_TARGET = 12.1;
				MTL_ENABLE_DEBUG_INFO = NO;
				MTL_FAST_MATH = YES;
				SDKROOT = iphoneos;
				SWIFT_COMPILATION_MODE = wholemodule;
				SWIFT_OPTIMIZATION_LEVEL = "-O";
				VALIDATE_PRODUCT = YES;
			};
			name = Release;
		};
		7E8974BA21B7F0980041AD31 /* Debug */ = {
			isa = XCBuildConfiguration;
			buildSettings = {
				ASSETCATALOG_COMPILER_APPICON_NAME = AppIcon;
				CODE_SIGN_STYLE = Automatic;
				DEVELOPMENT_TEAM = E4WPGTUQAN;
				INFOPLIST_FILE = "Hollidays Animations/Info.plist";
				IPHONEOS_DEPLOYMENT_TARGET = 11.0;
				LD_RUNPATH_SEARCH_PATHS = (
					"$(inherited)",
					"@executable_path/Frameworks",
				);
				PRODUCT_BUNDLE_IDENTIFIER = "com.brunosilva.Hollidays-Animations";
				PRODUCT_NAME = "$(TARGET_NAME)";
				SWIFT_VERSION = 4.2;
				TARGETED_DEVICE_FAMILY = "1,2";
			};
			name = Debug;
		};
		7E8974BB21B7F0980041AD31 /* Release */ = {
			isa = XCBuildConfiguration;
			buildSettings = {
				ASSETCATALOG_COMPILER_APPICON_NAME = AppIcon;
				CODE_SIGN_STYLE = Automatic;
				DEVELOPMENT_TEAM = E4WPGTUQAN;
				INFOPLIST_FILE = "Hollidays Animations/Info.plist";
				IPHONEOS_DEPLOYMENT_TARGET = 11.0;
				LD_RUNPATH_SEARCH_PATHS = (
					"$(inherited)",
					"@executable_path/Frameworks",
				);
				PRODUCT_BUNDLE_IDENTIFIER = "com.brunosilva.Hollidays-Animations";
				PRODUCT_NAME = "$(TARGET_NAME)";
				SWIFT_VERSION = 4.2;
				TARGETED_DEVICE_FAMILY = "1,2";
			};
			name = Release;
		};
		7E8974BD21B7F0980041AD31 /* Debug */ = {
			isa = XCBuildConfiguration;
			buildSettings = {
				ALWAYS_EMBED_SWIFT_STANDARD_LIBRARIES = YES;
				BUNDLE_LOADER = "$(TEST_HOST)";
				CODE_SIGN_STYLE = Automatic;
				DEVELOPMENT_TEAM = E4WPGTUQAN;
				INFOPLIST_FILE = "Hollidays AnimationsTests/Info.plist";
				LD_RUNPATH_SEARCH_PATHS = (
					"$(inherited)",
					"@executable_path/Frameworks",
					"@loader_path/Frameworks",
				);
				PRODUCT_BUNDLE_IDENTIFIER = "com.brunosilva.Hollidays-AnimationsTests";
				PRODUCT_NAME = "$(TARGET_NAME)";
				SWIFT_VERSION = 4.2;
				TARGETED_DEVICE_FAMILY = "1,2";
				TEST_HOST = "$(BUILT_PRODUCTS_DIR)/Hollidays Animations.app/Hollidays Animations";
			};
			name = Debug;
		};
		7E8974BE21B7F0980041AD31 /* Release */ = {
			isa = XCBuildConfiguration;
			buildSettings = {
				ALWAYS_EMBED_SWIFT_STANDARD_LIBRARIES = YES;
				BUNDLE_LOADER = "$(TEST_HOST)";
				CODE_SIGN_STYLE = Automatic;
				DEVELOPMENT_TEAM = E4WPGTUQAN;
				INFOPLIST_FILE = "Hollidays AnimationsTests/Info.plist";
				LD_RUNPATH_SEARCH_PATHS = (
					"$(inherited)",
					"@executable_path/Frameworks",
					"@loader_path/Frameworks",
				);
				PRODUCT_BUNDLE_IDENTIFIER = "com.brunosilva.Hollidays-AnimationsTests";
				PRODUCT_NAME = "$(TARGET_NAME)";
				SWIFT_VERSION = 4.2;
				TARGETED_DEVICE_FAMILY = "1,2";
				TEST_HOST = "$(BUILT_PRODUCTS_DIR)/Hollidays Animations.app/Hollidays Animations";
			};
			name = Release;
		};
/* End XCBuildConfiguration section */

/* Begin XCConfigurationList section */
		7E89749721B7F0930041AD31 /* Build configuration list for PBXProject "Hollidays Animations" */ = {
			isa = XCConfigurationList;
			buildConfigurations = (
				7E8974B721B7F0980041AD31 /* Debug */,
				7E8974B821B7F0980041AD31 /* Release */,
			);
			defaultConfigurationIsVisible = 0;
			defaultConfigurationName = Release;
		};
		7E8974B921B7F0980041AD31 /* Build configuration list for PBXNativeTarget "Hollidays Animations" */ = {
			isa = XCConfigurationList;
			buildConfigurations = (
				7E8974BA21B7F0980041AD31 /* Debug */,
				7E8974BB21B7F0980041AD31 /* Release */,
			);
			defaultConfigurationIsVisible = 0;
			defaultConfigurationName = Release;
		};
		7E8974BC21B7F0980041AD31 /* Build configuration list for PBXNativeTarget "Hollidays AnimationsTests" */ = {
			isa = XCConfigurationList;
			buildConfigurations = (
				7E8974BD21B7F0980041AD31 /* Debug */,
				7E8974BE21B7F0980041AD31 /* Release */,
			);
			defaultConfigurationIsVisible = 0;
			defaultConfigurationName = Release;
		};
/* End XCConfigurationList section */
	};
	rootObject = 7E89749421B7F0930041AD31 /* Project object */;
}
